// !$*UTF8*$!
{
	archiveVersion = 1;
	classes = {
	};
	objectVersion = 51;
	objects = {

/* Begin PBXBuildFile section */
		3651E67C2438844200A82D9C /* AppDelegate.swift in Sources */ = {isa = PBXBuildFile; fileRef = 3651E67B2438844200A82D9C /* AppDelegate.swift */; };
		3651E67E2438844200A82D9C /* SceneDelegate.swift in Sources */ = {isa = PBXBuildFile; fileRef = 3651E67D2438844200A82D9C /* SceneDelegate.swift */; };
		3651E6802438844200A82D9C /* ViewController.swift in Sources */ = {isa = PBXBuildFile; fileRef = 3651E67F2438844200A82D9C /* ViewController.swift */; };
		3651E6832438844200A82D9C /* Main.storyboard in Resources */ = {isa = PBXBuildFile; fileRef = 3651E6812438844200A82D9C /* Main.storyboard */; };
		3651E6852438844300A82D9C /* Assets.xcassets in Resources */ = {isa = PBXBuildFile; fileRef = 3651E6842438844300A82D9C /* Assets.xcassets */; };
		3651E6882438844300A82D9C /* LaunchScreen.storyboard in Resources */ = {isa = PBXBuildFile; fileRef = 3651E6862438844300A82D9C /* LaunchScreen.storyboard */; };
		3651E6902438859400A82D9C /* language-en.json in Resources */ = {isa = PBXBuildFile; fileRef = 3651E68F2438859400A82D9C /* language-en.json */; };
		3651E692243885AE00A82D9C /* language-tr.json in Resources */ = {isa = PBXBuildFile; fileRef = 3651E691243885AE00A82D9C /* language-tr.json */; };
		A279DD550EC633E750B35504 /* Pods_MultiLanguageApp.framework in Frameworks */ = {isa = PBXBuildFile; fileRef = 4FCE72E7404691FF36BD12CD /* Pods_MultiLanguageApp.framework */; };
/* End PBXBuildFile section */

/* Begin PBXFileReference section */
		10875DDED19A7A1E9EC1BBB1 /* Pods-MultiLanguageApp.debug.xcconfig */ = {isa = PBXFileReference; includeInIndex = 1; lastKnownFileType = text.xcconfig; name = "Pods-MultiLanguageApp.debug.xcconfig"; path = "Target Support Files/Pods-MultiLanguageApp/Pods-MultiLanguageApp.debug.xcconfig"; sourceTree = "<group>"; };
		1760160160A663B95E005B39 /* Pods-MultiLanguageApp.release.xcconfig */ = {isa = PBXFileReference; includeInIndex = 1; lastKnownFileType = text.xcconfig; name = "Pods-MultiLanguageApp.release.xcconfig"; path = "Target Support Files/Pods-MultiLanguageApp/Pods-MultiLanguageApp.release.xcconfig"; sourceTree = "<group>"; };
		3651E6782438844200A82D9C /* MultiLanguageApp.app */ = {isa = PBXFileReference; explicitFileType = wrapper.application; includeInIndex = 0; path = MultiLanguageApp.app; sourceTree = BUILT_PRODUCTS_DIR; };
		3651E67B2438844200A82D9C /* AppDelegate.swift */ = {isa = PBXFileReference; lastKnownFileType = sourcecode.swift; path = AppDelegate.swift; sourceTree = "<group>"; };
		3651E67D2438844200A82D9C /* SceneDelegate.swift */ = {isa = PBXFileReference; lastKnownFileType = sourcecode.swift; path = SceneDelegate.swift; sourceTree = "<group>"; };
		3651E67F2438844200A82D9C /* ViewController.swift */ = {isa = PBXFileReference; lastKnownFileType = sourcecode.swift; path = ViewController.swift; sourceTree = "<group>"; };
		3651E6822438844200A82D9C /* Base */ = {isa = PBXFileReference; lastKnownFileType = file.storyboard; name = Base; path = Base.lproj/Main.storyboard; sourceTree = "<group>"; };
		3651E6842438844300A82D9C /* Assets.xcassets */ = {isa = PBXFileReference; lastKnownFileType = folder.assetcatalog; path = Assets.xcassets; sourceTree = "<group>"; };
		3651E6872438844300A82D9C /* Base */ = {isa = PBXFileReference; lastKnownFileType = file.storyboard; name = Base; path = Base.lproj/LaunchScreen.storyboard; sourceTree = "<group>"; };
		3651E6892438844300A82D9C /* Info.plist */ = {isa = PBXFileReference; lastKnownFileType = text.plist.xml; path = Info.plist; sourceTree = "<group>"; };
		3651E68F2438859400A82D9C /* language-en.json */ = {isa = PBXFileReference; lastKnownFileType = text.json; path = "language-en.json"; sourceTree = "<group>"; };
		3651E691243885AE00A82D9C /* language-tr.json */ = {isa = PBXFileReference; lastKnownFileType = text.json; path = "language-tr.json"; sourceTree = "<group>"; };
		4FCE72E7404691FF36BD12CD /* Pods_MultiLanguageApp.framework */ = {isa = PBXFileReference; explicitFileType = wrapper.framework; includeInIndex = 0; path = Pods_MultiLanguageApp.framework; sourceTree = BUILT_PRODUCTS_DIR; };
/* End PBXFileReference section */

/* Begin PBXFrameworksBuildPhase section */
		3651E6752438844200A82D9C /* Frameworks */ = {
			isa = PBXFrameworksBuildPhase;
			buildActionMask = 2147483647;
			files = (
				A279DD550EC633E750B35504 /* Pods_MultiLanguageApp.framework in Frameworks */,
			);
			runOnlyForDeploymentPostprocessing = 0;
		};
/* End PBXFrameworksBuildPhase section */

/* Begin PBXGroup section */
		10414AD134E7E9AD63DF1D77 /* Pods */ = {
			isa = PBXGroup;
			children = (
				10875DDED19A7A1E9EC1BBB1 /* Pods-MultiLanguageApp.debug.xcconfig */,
				1760160160A663B95E005B39 /* Pods-MultiLanguageApp.release.xcconfig */,
			);
			path = Pods;
			sourceTree = "<group>";
		};
		1E41F15162BC9A2A51278250 /* Frameworks */ = {
			isa = PBXGroup;
			children = (
				4FCE72E7404691FF36BD12CD /* Pods_MultiLanguageApp.framework */,
			);
			name = Frameworks;
			sourceTree = "<group>";
		};
		3651E66F2438844200A82D9C = {
			isa = PBXGroup;
			children = (
				3651E67A2438844200A82D9C /* MultiLanguageApp */,
				3651E6792438844200A82D9C /* Products */,
				10414AD134E7E9AD63DF1D77 /* Pods */,
				1E41F15162BC9A2A51278250 /* Frameworks */,
			);
			sourceTree = "<group>";
		};
		3651E6792438844200A82D9C /* Products */ = {
			isa = PBXGroup;
			children = (
				3651E6782438844200A82D9C /* MultiLanguageApp.app */,
			);
			name = Products;
			sourceTree = "<group>";
		};
		3651E67A2438844200A82D9C /* MultiLanguageApp */ = {
			isa = PBXGroup;
			children = (
				3651E67B2438844200A82D9C /* AppDelegate.swift */,
				3651E67D2438844200A82D9C /* SceneDelegate.swift */,
				3651E67F2438844200A82D9C /* ViewController.swift */,
				3651E6812438844200A82D9C /* Main.storyboard */,
				3651E6842438844300A82D9C /* Assets.xcassets */,
				3651E6862438844300A82D9C /* LaunchScreen.storyboard */,
				3651E6892438844300A82D9C /* Info.plist */,
				3651E68F2438859400A82D9C /* language-en.json */,
				3651E691243885AE00A82D9C /* language-tr.json */,
			);
			path = MultiLanguageApp;
			sourceTree = "<group>";
		};
/* End PBXGroup section */

/* Begin PBXNativeTarget section */
		3651E6772438844200A82D9C /* MultiLanguageApp */ = {
			isa = PBXNativeTarget;
			buildConfigurationList = 3651E68C2438844300A82D9C /* Build configuration list for PBXNativeTarget "MultiLanguageApp" */;
			buildPhases = (
				2E21D7B997F6F09A537F9B40 /* [CP] Check Pods Manifest.lock */,
				3651E6742438844200A82D9C /* Sources */,
				3651E6752438844200A82D9C /* Frameworks */,
				3651E6762438844200A82D9C /* Resources */,
				34E2CA5405EDA193F204FDE5 /* [CP] Embed Pods Frameworks */,
			);
			buildRules = (
			);
			dependencies = (
			);
			name = MultiLanguageApp;
			productName = MultiLanguageApp;
			productReference = 3651E6782438844200A82D9C /* MultiLanguageApp.app */;
			productType = "com.apple.product-type.application";
		};
/* End PBXNativeTarget section */

/* Begin PBXProject section */
		3651E6702438844200A82D9C /* Project object */ = {
			isa = PBXProject;
			attributes = {
				LastSwiftUpdateCheck = 1140;
				LastUpgradeCheck = 1140;
				ORGANIZATIONNAME = "Ferhan Akkan";
				TargetAttributes = {
					3651E6772438844200A82D9C = {
						CreatedOnToolsVersion = 11.4;
					};
				};
			};
			buildConfigurationList = 3651E6732438844200A82D9C /* Build configuration list for PBXProject "MultiLanguageApp" */;
			compatibilityVersion = "Xcode 9.3";
			developmentRegion = en;
			hasScannedForEncodings = 0;
			knownRegions = (
				en,
				Base,
			);
			mainGroup = 3651E66F2438844200A82D9C;
			productRefGroup = 3651E6792438844200A82D9C /* Products */;
			projectDirPath = "";
			projectRoot = "";
			targets = (
				3651E6772438844200A82D9C /* MultiLanguageApp */,
			);
		};
/* End PBXProject section */

/* Begin PBXResourcesBuildPhase section */
		3651E6762438844200A82D9C /* Resources */ = {
			isa = PBXResourcesBuildPhase;
			buildActionMask = 2147483647;
			files = (
				3651E6902438859400A82D9C /* language-en.json in Resources */,
				3651E6882438844300A82D9C /* LaunchScreen.storyboard in Resources */,
				3651E692243885AE00A82D9C /* language-tr.json in Resources */,
				3651E6852438844300A82D9C /* Assets.xcassets in Resources */,
				3651E6832438844200A82D9C /* Main.storyboard in Resources */,
			);
			runOnlyForDeploymentPostprocessing = 0;
		};
/* End PBXResourcesBuildPhase section */

/* Begin PBXShellScriptBuildPhase section */
		2E21D7B997F6F09A537F9B40 /* [CP] Check Pods Manifest.lock */ = {
			isa = PBXShellScriptBuildPhase;
			buildActionMask = 2147483647;
			files = (
			);
			inputFileListPaths = (
			);
			inputPaths = (
				"${PODS_PODFILE_DIR_PATH}/Podfile.lock",
				"${PODS_ROOT}/Manifest.lock",
			);
			name = "[CP] Check Pods Manifest.lock";
			outputFileListPaths = (
			);
			outputPaths = (
				"$(DERIVED_FILE_DIR)/Pods-MultiLanguageApp-checkManifestLockResult.txt",
			);
			runOnlyForDeploymentPostprocessing = 0;
			shellPath = /bin/sh;
			shellScript = "diff \"${PODS_PODFILE_DIR_PATH}/Podfile.lock\" \"${PODS_ROOT}/Manifest.lock\" > /dev/null\nif [ $? != 0 ] ; then\n    # print error to STDERR\n    echo \"error: The sandbox is not in sync with the Podfile.lock. Run 'pod install' or update your CocoaPods installation.\" >&2\n    exit 1\nfi\n# This output is used by Xcode 'outputs' to avoid re-running this script phase.\necho \"SUCCESS\" > \"${SCRIPT_OUTPUT_FILE_0}\"\n";
			showEnvVarsInLog = 0;
		};
		34E2CA5405EDA193F204FDE5 /* [CP] Embed Pods Frameworks */ = {
			isa = PBXShellScriptBuildPhase;
			buildActionMask = 2147483647;
			files = (
			);
			inputFileListPaths = (
				"${PODS_ROOT}/Target Support Files/Pods-MultiLanguageApp/Pods-MultiLanguageApp-frameworks-${CONFIGURATION}-input-files.xcfilelist",
			);
			name = "[CP] Embed Pods Frameworks";
			outputFileListPaths = (
				"${PODS_ROOT}/Target Support Files/Pods-MultiLanguageApp/Pods-MultiLanguageApp-frameworks-${CONFIGURATION}-output-files.xcfilelist",
			);
			runOnlyForDeploymentPostprocessing = 0;
			shellPath = /bin/sh;
			shellScript = "\"${PODS_ROOT}/Target Support Files/Pods-MultiLanguageApp/Pods-MultiLanguageApp-frameworks.sh\"\n";
			showEnvVarsInLog = 0;
		};
/* End PBXShellScriptBuildPhase section */

/* Begin PBXSourcesBuildPhase section */
		3651E6742438844200A82D9C /* Sources */ = {
			isa = PBXSourcesBuildPhase;
			buildActionMask = 2147483647;
			files = (
				3651E6802438844200A82D9C /* ViewController.swift in Sources */,
				3651E67C2438844200A82D9C /* AppDelegate.swift in Sources */,
				3651E67E2438844200A82D9C /* SceneDelegate.swift in Sources */,
			);
			runOnlyForDeploymentPostprocessing = 0;
		};
/* End PBXSourcesBuildPhase section */

/* Begin PBXVariantGroup section */
		3651E6812438844200A82D9C /* Main.storyboard */ = {
			isa = PBXVariantGroup;
			children = (
				3651E6822438844200A82D9C /* Base */,
			);
			name = Main.storyboard;
			sourceTree = "<group>";
		};
		3651E6862438844300A82D9C /* LaunchScreen.storyboard */ = {
			isa = PBXVariantGroup;
			children = (
				3651E6872438844300A82D9C /* Base */,
			);
			name = LaunchScreen.storyboard;
			sourceTree = "<group>";
		};
/* End PBXVariantGroup section */

/* Begin XCBuildConfiguration section */
		3651E68A2438844300A82D9C /* Debug */ = {
			isa = XCBuildConfiguration;
			buildSettings = {
				ALWAYS_SEARCH_USER_PATHS = NO;
				CLANG_ANALYZER_NONNULL = YES;
				CLANG_ANALYZER_NUMBER_OBJECT_CONVERSION = YES_AGGRESSIVE;
				CLANG_CXX_LANGUAGE_STANDARD = "gnu++14";
				CLANG_CXX_LIBRARY = "libc++";
				CLANG_ENABLE_MODULES = YES;
				CLANG_ENABLE_OBJC_ARC = YES;
				CLANG_ENABLE_OBJC_WEAK = YES;
				CLANG_WARN_BLOCK_CAPTURE_AUTORELEASING = YES;
				CLANG_WARN_BOOL_CONVERSION = YES;
				CLANG_WARN_COMMA = YES;
				CLANG_WARN_CONSTANT_CONVERSION = YES;
				CLANG_WARN_DEPRECATED_OBJC_IMPLEMENTATIONS = YES;
				CLANG_WARN_DIRECT_OBJC_ISA_USAGE = YES_ERROR;
				CLANG_WARN_DOCUMENTATION_COMMENTS = YES;
				CLANG_WARN_EMPTY_BODY = YES;
				CLANG_WARN_ENUM_CONVERSION = YES;
				CLANG_WARN_INFINITE_RECURSION = YES;
				CLANG_WARN_INT_CONVERSION = YES;
				CLANG_WARN_NON_LITERAL_NULL_CONVERSION = YES;
				CLANG_WARN_OBJC_IMPLICIT_RETAIN_SELF = YES;
				CLANG_WARN_OBJC_LITERAL_CONVERSION = YES;
				CLANG_WARN_OBJC_ROOT_CLASS = YES_ERROR;
				CLANG_WARN_RANGE_LOOP_ANALYSIS = YES;
				CLANG_WARN_STRICT_PROTOTYPES = YES;
				CLANG_WARN_SUSPICIOUS_MOVE = YES;
				CLANG_WARN_UNGUARDED_AVAILABILITY = YES_AGGRESSIVE;
				CLANG_WARN_UNREACHABLE_CODE = YES;
				CLANG_WARN__DUPLICATE_METHOD_MATCH = YES;
				COPY_PHASE_STRIP = NO;
				DEBUG_INFORMATION_FORMAT = dwarf;
				ENABLE_STRICT_OBJC_MSGSEND = YES;
				ENABLE_TESTABILITY = YES;
				GCC_C_LANGUAGE_STANDARD = gnu11;
				GCC_DYNAMIC_NO_PIC = NO;
				GCC_NO_COMMON_BLOCKS = YES;
				GCC_OPTIMIZATION_LEVEL = 0;
				GCC_PREPROCESSOR_DEFINITIONS = (
					"DEBUG=1",
					"$(inherited)",
				);
				GCC_WARN_64_TO_32_BIT_CONVERSION = YES;
				GCC_WARN_ABOUT_RETURN_TYPE = YES_ERROR;
				GCC_WARN_UNDECLARED_SELECTOR = YES;
				GCC_WARN_UNINITIALIZED_AUTOS = YES_AGGRESSIVE;
				GCC_WARN_UNUSED_FUNCTION = YES;
				GCC_WARN_UNUSED_VARIABLE = YES;
				IPHONEOS_DEPLOYMENT_TARGET = 13.4;
				MTL_ENABLE_DEBUG_INFO = INCLUDE_SOURCE;
				MTL_FAST_MATH = YES;
				ONLY_ACTIVE_ARCH = YES;
				SDKROOT = iphoneos;
				SWIFT_ACTIVE_COMPILATION_CONDITIONS = DEBUG;
				SWIFT_OPTIMIZATION_LEVEL = "-Onone";
			};
			name = Debug;
		};
		3651E68B2438844300A82D9C /* Release */ = {
			isa = XCBuildConfiguration;
			buildSettings = {
				ALWAYS_SEARCH_USER_PATHS = NO;
				CLANG_ANALYZER_NONNULL = YES;
				CLANG_ANALYZER_NUMBER_OBJECT_CONVERSION = YES_AGGRESSIVE;
				CLANG_CXX_LANGUAGE_STANDARD = "gnu++14";
				CLANG_CXX_LIBRARY = "libc++";
				CLANG_ENABLE_MODULES = YES;
				CLANG_ENABLE_OBJC_ARC = YES;
				CLANG_ENABLE_OBJC_WEAK = YES;
				CLANG_WARN_BLOCK_CAPTURE_AUTORELEASING = YES;
				CLANG_WARN_BOOL_CONVERSION = YES;
				CLANG_WARN_COMMA = YES;
				CLANG_WARN_CONSTANT_CONVERSION = YES;
				CLANG_WARN_DEPRECATED_OBJC_IMPLEMENTATIONS = YES;
				CLANG_WARN_DIRECT_OBJC_ISA_USAGE = YES_ERROR;
				CLANG_WARN_DOCUMENTATION_COMMENTS = YES;
				CLANG_WARN_EMPTY_BODY = YES;
				CLANG_WARN_ENUM_CONVERSION = YES;
				CLANG_WARN_INFINITE_RECURSION = YES;
				CLANG_WARN_INT_CONVERSION = YES;
				CLANG_WARN_NON_LITERAL_NULL_CONVERSION = YES;
				CLANG_WARN_OBJC_IMPLICIT_RETAIN_SELF = YES;
				CLANG_WARN_OBJC_LITERAL_CONVERSION = YES;
				CLANG_WARN_OBJC_ROOT_CLASS = YES_ERROR;
				CLANG_WARN_RANGE_LOOP_ANALYSIS = YES;
				CLANG_WARN_STRICT_PROTOTYPES = YES;
				CLANG_WARN_SUSPICIOUS_MOVE = YES;
				CLANG_WARN_UNGUARDED_AVAILABILITY = YES_AGGRESSIVE;
				CLANG_WARN_UNREACHABLE_CODE = YES;
				CLANG_WARN__DUPLICATE_METHOD_MATCH = YES;
				COPY_PHASE_STRIP = NO;
				DEBUG_INFORMATION_FORMAT = "dwarf-with-dsym";
				ENABLE_NS_ASSERTIONS = NO;
				ENABLE_STRICT_OBJC_MSGSEND = YES;
				GCC_C_LANGUAGE_STANDARD = gnu11;
				GCC_NO_COMMON_BLOCKS = YES;
				GCC_WARN_64_TO_32_BIT_CONVERSION = YES;
				GCC_WARN_ABOUT_RETURN_TYPE = YES_ERROR;
				GCC_WARN_UNDECLARED_SELECTOR = YES;
				GCC_WARN_UNINITIALIZED_AUTOS = YES_AGGRESSIVE;
				GCC_WARN_UNUSED_FUNCTION = YES;
				GCC_WARN_UNUSED_VARIABLE = YES;
				IPHONEOS_DEPLOYMENT_TARGET = 13.4;
				MTL_ENABLE_DEBUG_INFO = NO;
				MTL_FAST_MATH = YES;
				SDKROOT = iphoneos;
				SWIFT_COMPILATION_MODE = wholemodule;
				SWIFT_OPTIMIZATION_LEVEL = "-O";
				VALIDATE_PRODUCT = YES;
			};
			name = Release;
		};
		3651E68D2438844300A82D9C /* Debug */ = {
			isa = XCBuildConfiguration;
			baseConfigurationReference = 10875DDED19A7A1E9EC1BBB1 /* Pods-MultiLanguageApp.debug.xcconfig */;
			buildSettings = {
				ASSETCATALOG_COMPILER_APPICON_NAME = AppIcon;
				CODE_SIGN_STYLE = Automatic;
				DEVELOPMENT_TEAM = 43THU6L26P;
				INFOPLIST_FILE = MultiLanguageApp/Info.plist;
				IPHONEOS_DEPLOYMENT_TARGET = 13.0;
				LD_RUNPATH_SEARCH_PATHS = (
					"$(inherited)",
					"@executable_path/Frameworks",
				);
				PRODUCT_BUNDLE_IDENTIFIER = com.ferhanakkan.MultiLanguageApp;
				PRODUCT_NAME = "$(TARGET_NAME)";
				SWIFT_VERSION = 5.0;
				TARGETED_DEVICE_FAMILY = "1,2";
			};
			name = Debug;
		};
		3651E68E2438844300A82D9C /* Release */ = {
			isa = XCBuildConfiguration;
			baseConfigurationReference = 1760160160A663B95E005B39 /* Pods-MultiLanguageApp.release.xcconfig */;
			buildSettings = {
				ASSETCATALOG_COMPILER_APPICON_NAME = AppIcon;
				CODE_SIGN_STYLE = Automatic;
				DEVELOPMENT_TEAM = 43THU6L26P;
				INFOPLIST_FILE = MultiLanguageApp/Info.plist;
				IPHONEOS_DEPLOYMENT_TARGET = 13.0;
				LD_RUNPATH_SEARCH_PATHS = (
					"$(inherited)",
					"@executable_path/Frameworks",
				);
				PRODUCT_BUNDLE_IDENTIFIER = com.ferhanakkan.MultiLanguageApp;
				PRODUCT_NAME = "$(TARGET_NAME)";
				SWIFT_VERSION = 5.0;
				TARGETED_DEVICE_FAMILY = "1,2";
			};
			name = Release;
		};
/* End XCBuildConfiguration section */

/* Begin XCConfigurationList section */
		3651E6732438844200A82D9C /* Build configuration list for PBXProject "MultiLanguageApp" */ = {
			isa = XCConfigurationList;
			buildConfigurations = (
				3651E68A2438844300A82D9C /* Debug */,
				3651E68B2438844300A82D9C /* Release */,
			);
			defaultConfigurationIsVisible = 0;
			defaultConfigurationName = Release;
		};
		3651E68C2438844300A82D9C /* Build configuration list for PBXNativeTarget "MultiLanguageApp" */ = {
			isa = XCConfigurationList;
			buildConfigurations = (
				3651E68D2438844300A82D9C /* Debug */,
				3651E68E2438844300A82D9C /* Release */,
			);
			defaultConfigurationIsVisible = 0;
			defaultConfigurationName = Release;
		};
/* End XCConfigurationList section */
	};
	rootObject = 3651E6702438844200A82D9C /* Project object */;
}
